
Microsoft Visual Studio Solution File, Format Version 12.00
# Visual Studio Version 17
VisualStudioVersion = 17.1.32228.430
MinimumVisualStudioVersion = 10.0.40219.1
Project("{FAE04EC0-301F-11D3-BF4B-00C04F79EFBC}") = "Room Calculator", "Room Calculator\Room Calculator.csproj", "{B74955C0-52F9-49E5-9795-4AA8FB09F0EF}"
EndProject
Global
	GlobalSection(SolutionConfigurationPlatforms) = preSolution
		Debug|Any CPU = Debug|Any CPU
		Release|Any CPU = Release|Any CPU
	EndGlobalSection
	GlobalSection(ProjectConfigurationPlatforms) = postSolution
		{B74955C0-52F9-49E5-9795-4AA8FB09F0EF}.Debug|Any CPU.ActiveCfg = Debug|Any CPU
		{B74955C0-52F9-49E5-9795-4AA8FB09F0EF}.Debug|Any CPU.Build.0 = Debug|Any CPU
		{B74955C0-52F9-49E5-9795-4AA8FB09F0EF}.Release|Any CPU.ActiveCfg = Release|Any CPU
		{B74955C0-52F9-49E5-9795-4AA8FB09F0EF}.Release|Any CPU.Build.0 = Release|Any CPU
	EndGlobalSection
	GlobalSection(SolutionProperties) = preSolution
		HideSolutionNode = FALSE
	EndGlobalSection
	GlobalSection(ExtensibilityGlobals) = postSolution
		SolutionGuid = {10E28269-97B5-4A16-95BD-4020630AE87A}
	EndGlobalSection
EndGlobal
